Microsoft Visual Studio Solution File, Format Version 12.00
# Visual Studio Version 17
VisualStudioVersion = 17.8.34511.84
MinimumVisualStudioVersion = 10.0.40219.1
Project("{2150E333-8FDC-42A3-9474-1A3956D46DE8}") = "Services", "Services", "{240A5A17-2256-420A-977B-1A6592A5B7E4}"
EndProject
Project("{2150E333-8FDC-42A3-9474-1A3956D46DE8}") = "Catalog", "Catalog", "{2369E7A5-E22A-468E-8085-EBEE56D1EE60}"
EndProject
Project("{9A19103F-16F7-4668-BE54-9A1E7A4F7556}") = "FreeCourse.Services.Catalog", "Services\Catalog\FreeCourse.Services.Catalog\FreeCourse.Services.Catalog.csproj", "{3F54AECD-572A-46B8-8240-FFC8188618D3}"
EndProject
Project("{2150E333-8FDC-42A3-9474-1A3956D46DE8}") = "Solution Items", "Solution Items", "{2F2DCAD8-CCC6-467E-94AD-A3FD141BBDAE}"
	ProjectSection(SolutionItems) = preProject
		ports.txt = ports.txt
	EndProjectSection
EndProject
Project("{2150E333-8FDC-42A3-9474-1A3956D46DE8}") = "Shared", "Shared", "{EA7C89F2-8D2A-4FF7-A039-88278A28D592}"
EndProject
Project("{9A19103F-16F7-4668-BE54-9A1E7A4F7556}") = "FreeCourse.Shared", "Shared\FreeCourse.Shared\FreeCourse.Shared.csproj", "{F251AAEF-F735-4F54-A94F-FD7C8F080237}"
EndProject
Project("{2150E333-8FDC-42A3-9474-1A3956D46DE8}") = "PhotoStock", "PhotoStock", "{BADE6201-8341-4183-8519-1AC0EA1B5CA4}"
EndProject
Project("{9A19103F-16F7-4668-BE54-9A1E7A4F7556}") = "FreeCourse.Services.PhotoStock", "Services\PhotoStock\FreeCourse.Services.PhotoStock\FreeCourse.Services.PhotoStock.csproj", "{6D554707-2BA4-4638-A32B-836E7AC3E2B5}"
EndProject
Project("{2150E333-8FDC-42A3-9474-1A3956D46DE8}") = "IdentityServer", "IdentityServer", "{75224260-B237-453F-B5E4-9AADEA80823E}"
EndProject
Project("{9A19103F-16F7-4668-BE54-9A1E7A4F7556}") = "FreeCourse.IdentityServer", "IdentityServer\FreeCourse.IdentityServer\FreeCourse.IdentityServer.csproj", "{0C10EC20-56FD-4F12-88FB-ED99138D97E8}"
EndProject
Project("{2150E333-8FDC-42A3-9474-1A3956D46DE8}") = "Basket", "Basket", "{3396B3EF-942C-4953-8EAF-EB0D4F90DD30}"
EndProject
Project("{9A19103F-16F7-4668-BE54-9A1E7A4F7556}") = "FreeCourse.Services.Basket", "Services\Basket\FreeCourse.Services.Basket\FreeCourse.Services.Basket.csproj", "{A3ECBDC0-DBE7-4B99-850C-4B0A8B776314}"
EndProject
Project("{2150E333-8FDC-42A3-9474-1A3956D46DE8}") = "Discount", "Discount", "{78774F78-F711-407E-AC5C-89524B1D8F8D}"
EndProject
Project("{9A19103F-16F7-4668-BE54-9A1E7A4F7556}") = "FreeCourse.Services.Discount", "Services\Discount\FreeCourse.Services.Discount\FreeCourse.Services.Discount.csproj", "{BEF528D5-4031-43A2-8804-9A1DE787BFB1}"
EndProject
Project("{2150E333-8FDC-42A3-9474-1A3956D46DE8}") = "Order", "Order", "{87C6A372-C633-4E9B-8D38-43A15ABB1AA6}"
EndProject
Project("{9A19103F-16F7-4668-BE54-9A1E7A4F7556}") = "FreeCourse.Services.Order.API", "Services\Order\FreeCourse.Services.Order.API\FreeCourse.Services.Order.API.csproj", "{AC5CECAA-53DF-4244-AAB1-5770D2155DA7}"
EndProject
Project("{9A19103F-16F7-4668-BE54-9A1E7A4F7556}") = "FreeCourse.Services.Order.Application", "Services\Order\FreeCourse.Services.Order.Application\FreeCourse.Services.Order.Application.csproj", "{9928B433-AD61-418D-87EF-7640856E5E2C}"
EndProject
Project("{9A19103F-16F7-4668-BE54-9A1E7A4F7556}") = "FreeCourse.Services.Order.Domain", "Services\Order\FreeCourse.Services.Order.Domain\FreeCourse.Services.Order.Domain.csproj", "{8A8900DE-5F69-4E44-A3D0-E5BB933BCA77}"
EndProject
Project("{9A19103F-16F7-4668-BE54-9A1E7A4F7556}") = "FreeCourse.Services.Order.Domain.Core", "Services\Order\FreeCourse.Services.Order.Domain.Core\FreeCourse.Services.Order.Domain.Core.csproj", "{9F1F969B-0EED-4C48-9039-FC1AEAD57862}"
EndProject
Project("{9A19103F-16F7-4668-BE54-9A1E7A4F7556}") = "FreeCourse.Services.Order.Infrastructure", "Services\Order\FreeCourse.Services.Order.Infrastructure\FreeCourse.Services.Order.Infrastructure.csproj", "{415C1ED6-349E-46F9-9E6A-9FDB3EC1EA8A}"
EndProject
Global
	GlobalSection(SolutionConfigurationPlatforms) = preSolution
		Debug|Any CPU = Debug|Any CPU
		Release|Any CPU = Release|Any CPU
	EndGlobalSection
	GlobalSection(ProjectConfigurationPlatforms) = postSolution
		{3F54AECD-572A-46B8-8240-FFC8188618D3}.Debug|Any CPU.ActiveCfg = Debug|Any CPU
		{3F54AECD-572A-46B8-8240-FFC8188618D3}.Debug|Any CPU.Build.0 = Debug|Any CPU
		{3F54AECD-572A-46B8-8240-FFC8188618D3}.Release|Any CPU.ActiveCfg = Release|Any CPU
		{3F54AECD-572A-46B8-8240-FFC8188618D3}.Release|Any CPU.Build.0 = Release|Any CPU
		{F251AAEF-F735-4F54-A94F-FD7C8F080237}.Debug|Any CPU.ActiveCfg = Debug|Any CPU
		{F251AAEF-F735-4F54-A94F-FD7C8F080237}.Debug|Any CPU.Build.0 = Debug|Any CPU
		{F251AAEF-F735-4F54-A94F-FD7C8F080237}.Release|Any CPU.ActiveCfg = Release|Any CPU
		{F251AAEF-F735-4F54-A94F-FD7C8F080237}.Release|Any CPU.Build.0 = Release|Any CPU
		{6D554707-2BA4-4638-A32B-836E7AC3E2B5}.Debug|Any CPU.ActiveCfg = Debug|Any CPU
		{6D554707-2BA4-4638-A32B-836E7AC3E2B5}.Debug|Any CPU.Build.0 = Debug|Any CPU
		{6D554707-2BA4-4638-A32B-836E7AC3E2B5}.Release|Any CPU.ActiveCfg = Release|Any CPU
		{6D554707-2BA4-4638-A32B-836E7AC3E2B5}.Release|Any CPU.Build.0 = Release|Any CPU
		{0C10EC20-56FD-4F12-88FB-ED99138D97E8}.Debug|Any CPU.ActiveCfg = Debug|Any CPU
		{0C10EC20-56FD-4F12-88FB-ED99138D97E8}.Debug|Any CPU.Build.0 = Debug|Any CPU
		{0C10EC20-56FD-4F12-88FB-ED99138D97E8}.Release|Any CPU.ActiveCfg = Release|Any CPU
		{0C10EC20-56FD-4F12-88FB-ED99138D97E8}.Release|Any CPU.Build.0 = Release|Any CPU
		{A3ECBDC0-DBE7-4B99-850C-4B0A8B776314}.Debug|Any CPU.ActiveCfg = Debug|Any CPU
		{A3ECBDC0-DBE7-4B99-850C-4B0A8B776314}.Debug|Any CPU.Build.0 = Debug|Any CPU
		{A3ECBDC0-DBE7-4B99-850C-4B0A8B776314}.Release|Any CPU.ActiveCfg = Release|Any CPU
		{A3ECBDC0-DBE7-4B99-850C-4B0A8B776314}.Release|Any CPU.Build.0 = Release|Any CPU
		{BEF528D5-4031-43A2-8804-9A1DE787BFB1}.Debug|Any CPU.ActiveCfg = Debug|Any CPU
		{BEF528D5-4031-43A2-8804-9A1DE787BFB1}.Debug|Any CPU.Build.0 = Debug|Any CPU
		{BEF528D5-4031-43A2-8804-9A1DE787BFB1}.Release|Any CPU.ActiveCfg = Release|Any CPU
		{BEF528D5-4031-43A2-8804-9A1DE787BFB1}.Release|Any CPU.Build.0 = Release|Any CPU
		{AC5CECAA-53DF-4244-AAB1-5770D2155DA7}.Debug|Any CPU.ActiveCfg = Debug|Any CPU
		{AC5CECAA-53DF-4244-AAB1-5770D2155DA7}.Debug|Any CPU.Build.0 = Debug|Any CPU
		{AC5CECAA-53DF-4244-AAB1-5770D2155DA7}.Release|Any CPU.ActiveCfg = Release|Any CPU
		{AC5CECAA-53DF-4244-AAB1-5770D2155DA7}.Release|Any CPU.Build.0 = Release|Any CPU
		{9928B433-AD61-418D-87EF-7640856E5E2C}.Debug|Any CPU.ActiveCfg = Debug|Any CPU
		{9928B433-AD61-418D-87EF-7640856E5E2C}.Debug|Any CPU.Build.0 = Debug|Any CPU
		{9928B433-AD61-418D-87EF-7640856E5E2C}.Release|Any CPU.ActiveCfg = Release|Any CPU
		{9928B433-AD61-418D-87EF-7640856E5E2C}.Release|Any CPU.Build.0 = Release|Any CPU
		{8A8900DE-5F69-4E44-A3D0-E5BB933BCA77}.Debug|Any CPU.ActiveCfg = Debug|Any CPU
		{8A8900DE-5F69-4E44-A3D0-E5BB933BCA77}.Debug|Any CPU.Build.0 = Debug|Any CPU
		{8A8900DE-5F69-4E44-A3D0-E5BB933BCA77}.Release|Any CPU.ActiveCfg = Release|Any CPU
		{8A8900DE-5F69-4E44-A3D0-E5BB933BCA77}.Release|Any CPU.Build.0 = Release|Any CPU
		{9F1F969B-0EED-4C48-9039-FC1AEAD57862}.Debug|Any CPU.ActiveCfg = Debug|Any CPU
		{9F1F969B-0EED-4C48-9039-FC1AEAD57862}.Debug|Any CPU.Build.0 = Debug|Any CPU
		{9F1F969B-0EED-4C48-9039-FC1AEAD57862}.Release|Any CPU.ActiveCfg = Release|Any CPU
		{9F1F969B-0EED-4C48-9039-FC1AEAD57862}.Release|Any CPU.Build.0 = Release|Any CPU
		{415C1ED6-349E-46F9-9E6A-9FDB3EC1EA8A}.Debug|Any CPU.ActiveCfg = Debug|Any CPU
		{415C1ED6-349E-46F9-9E6A-9FDB3EC1EA8A}.Debug|Any CPU.Build.0 = Debug|Any CPU
		{415C1ED6-349E-46F9-9E6A-9FDB3EC1EA8A}.Release|Any CPU.ActiveCfg = Release|Any CPU
		{415C1ED6-349E-46F9-9E6A-9FDB3EC1EA8A}.Release|Any CPU.Build.0 = Release|Any CPU
	EndGlobalSection
	GlobalSection(SolutionProperties) = preSolution
		HideSolutionNode = FALSE
	EndGlobalSection
	GlobalSection(NestedProjects) = preSolution
		{2369E7A5-E22A-468E-8085-EBEE56D1EE60} = {240A5A17-2256-420A-977B-1A6592A5B7E4}
		{3F54AECD-572A-46B8-8240-FFC8188618D3} = {2369E7A5-E22A-468E-8085-EBEE56D1EE60}
		{F251AAEF-F735-4F54-A94F-FD7C8F080237} = {EA7C89F2-8D2A-4FF7-A039-88278A28D592}
		{BADE6201-8341-4183-8519-1AC0EA1B5CA4} = {240A5A17-2256-420A-977B-1A6592A5B7E4}
		{6D554707-2BA4-4638-A32B-836E7AC3E2B5} = {BADE6201-8341-4183-8519-1AC0EA1B5CA4}
		{0C10EC20-56FD-4F12-88FB-ED99138D97E8} = {75224260-B237-453F-B5E4-9AADEA80823E}
		{3396B3EF-942C-4953-8EAF-EB0D4F90DD30} = {240A5A17-2256-420A-977B-1A6592A5B7E4}
		{A3ECBDC0-DBE7-4B99-850C-4B0A8B776314} = {3396B3EF-942C-4953-8EAF-EB0D4F90DD30}
		{78774F78-F711-407E-AC5C-89524B1D8F8D} = {240A5A17-2256-420A-977B-1A6592A5B7E4}
		{BEF528D5-4031-43A2-8804-9A1DE787BFB1} = {78774F78-F711-407E-AC5C-89524B1D8F8D}
		{87C6A372-C633-4E9B-8D38-43A15ABB1AA6} = {240A5A17-2256-420A-977B-1A6592A5B7E4}
		{AC5CECAA-53DF-4244-AAB1-5770D2155DA7} = {87C6A372-C633-4E9B-8D38-43A15ABB1AA6}
		{9928B433-AD61-418D-87EF-7640856E5E2C} = {87C6A372-C633-4E9B-8D38-43A15ABB1AA6}
		{8A8900DE-5F69-4E44-A3D0-E5BB933BCA77} = {87C6A372-C633-4E9B-8D38-43A15ABB1AA6}
		{9F1F969B-0EED-4C48-9039-FC1AEAD57862} = {87C6A372-C633-4E9B-8D38-43A15ABB1AA6}
		{415C1ED6-349E-46F9-9E6A-9FDB3EC1EA8A} = {87C6A372-C633-4E9B-8D38-43A15ABB1AA6}
	EndGlobalSection
	GlobalSection(ExtensibilityGlobals) = postSolution
		SolutionGuid = {F5F28432-3439-4041-8459-AF065808252C}
	EndGlobalSection
EndGlobal
